
Microsoft Visual Studio Solution File, Format Version 12.00
# Visual Studio Version 17
VisualStudioVersion = 17.14.36623.8
MinimumVisualStudioVersion = 10.0.40219.1
Project("{FAE04EC0-301F-11D3-BF4B-00C04F79EFBC}") = "Introduction", "Introduction\Introduction.csproj", "{310431F7-15FE-494C-8CA1-59DDD8B4FCD0}"
EndProject
Project("{FAE04EC0-301F-11D3-BF4B-00C04F79EFBC}") = "DataTypes", "DataTypes\DataTypes.csproj", "{FC9101E4-91E3-47C0-9066-4CEDA0CCF8A1}"
EndProject
Project("{FAE04EC0-301F-11D3-BF4B-00C04F79EFBC}") = "SimpleTasks", "SimpleTasks\SimpleTasks.csproj", "{011D75AB-DA44-4D6A-BA1E-D9214DEAB7F1}"
EndProject
Project("{FAE04EC0-301F-11D3-BF4B-00C04F79EFBC}") = "Game", "Game\Game.csproj", "{11986E37-A5DF-4F07-8B8D-A8B3CAB504A2}"
EndProject
Project("{FAE04EC0-301F-11D3-BF4B-00C04F79EFBC}") = "Geometry", "Geometry\Geometry.csproj", "{05B4C478-31E6-4D63-8DCC-8E0CC87795DA}"
EndProject
Global
	GlobalSection(SolutionConfigurationPlatforms) = preSolution
		Debug|Any CPU = Debug|Any CPU
		Release|Any CPU = Release|Any CPU
	EndGlobalSection
	GlobalSection(ProjectConfigurationPlatforms) = postSolution
		{310431F7-15FE-494C-8CA1-59DDD8B4FCD0}.Debug|Any CPU.ActiveCfg = Debug|Any CPU
		{310431F7-15FE-494C-8CA1-59DDD8B4FCD0}.Debug|Any CPU.Build.0 = Debug|Any CPU
		{310431F7-15FE-494C-8CA1-59DDD8B4FCD0}.Release|Any CPU.ActiveCfg = Release|Any CPU
		{310431F7-15FE-494C-8CA1-59DDD8B4FCD0}.Release|Any CPU.Build.0 = Release|Any CPU
		{FC9101E4-91E3-47C0-9066-4CEDA0CCF8A1}.Debug|Any CPU.ActiveCfg = Debug|Any CPU
		{FC9101E4-91E3-47C0-9066-4CEDA0CCF8A1}.Debug|Any CPU.Build.0 = Debug|Any CPU
		{FC9101E4-91E3-47C0-9066-4CEDA0CCF8A1}.Release|Any CPU.ActiveCfg = Release|Any CPU
		{FC9101E4-91E3-47C0-9066-4CEDA0CCF8A1}.Release|Any CPU.Build.0 = Release|Any CPU
		{011D75AB-DA44-4D6A-BA1E-D9214DEAB7F1}.Debug|Any CPU.ActiveCfg = Debug|Any CPU
		{011D75AB-DA44-4D6A-BA1E-D9214DEAB7F1}.Debug|Any CPU.Build.0 = Debug|Any CPU
		{011D75AB-DA44-4D6A-BA1E-D9214DEAB7F1}.Release|Any CPU.ActiveCfg = Release|Any CPU
		{011D75AB-DA44-4D6A-BA1E-D9214DEAB7F1}.Release|Any CPU.Build.0 = Release|Any CPU
		{11986E37-A5DF-4F07-8B8D-A8B3CAB504A2}.Debug|Any CPU.ActiveCfg = Debug|Any CPU
		{11986E37-A5DF-4F07-8B8D-A8B3CAB504A2}.Debug|Any CPU.Build.0 = Debug|Any CPU
		{11986E37-A5DF-4F07-8B8D-A8B3CAB504A2}.Release|Any CPU.ActiveCfg = Release|Any CPU
		{11986E37-A5DF-4F07-8B8D-A8B3CAB504A2}.Release|Any CPU.Build.0 = Release|Any CPU
		{05B4C478-31E6-4D63-8DCC-8E0CC87795DA}.Debug|Any CPU.ActiveCfg = Debug|Any CPU
		{05B4C478-31E6-4D63-8DCC-8E0CC87795DA}.Debug|Any CPU.Build.0 = Debug|Any CPU
		{05B4C478-31E6-4D63-8DCC-8E0CC87795DA}.Release|Any CPU.ActiveCfg = Release|Any CPU
		{05B4C478-31E6-4D63-8DCC-8E0CC87795DA}.Release|Any CPU.Build.0 = Release|Any CPU
	EndGlobalSection
	GlobalSection(SolutionProperties) = preSolution
		HideSolutionNode = FALSE
	EndGlobalSection
	GlobalSection(ExtensibilityGlobals) = postSolution
		SolutionGuid = {AFB3D043-1F68-4CA9-B248-BF30DB3CAB16}
	EndGlobalSection
EndGlobal
